
Microsoft Visual Studio Solution File, Format Version 12.00
Project("{2150E333-8FDC-42A3-9474-1A3956D46DE8}") = "src", "src", "{6ECC53C7-0B5D-4B63-AFBC-76C7CC65C583}"
EndProject
Project("{FAE04EC0-301F-11D3-BF4B-00C04F79EFBC}") = "BlackDesert.Trade.Domain", "src\BlackDesert.Trade.Domain\BlackDesert.Trade.Domain.csproj", "{5AE42A1D-B384-4EE3-A489-7008A4236E4A}"
EndProject
Project("{2150E333-8FDC-42A3-9474-1A3956D46DE8}") = "1. Shared", "1. Shared", "{AF8B793D-7A5D-4EE3-896C-0B2654D8DAAC}"
EndProject
Project("{FAE04EC0-301F-11D3-BF4B-00C04F79EFBC}") = "BlackDesert.Trade.Api.Game", "src\BlackDesert.Trade.Api.Game\BlackDesert.Trade.Api.Game.csproj", "{120321C6-C392-416C-AC09-38CDD84DB942}"
EndProject
Project("{2150E333-8FDC-42A3-9474-1A3956D46DE8}") = "4. APIs", "4. APIs", "{1CF72F19-27AE-4A4C-8E36-C1C38F0E1183}"
EndProject
Project("{FAE04EC0-301F-11D3-BF4B-00C04F79EFBC}") = "BlackDesert.Trade.Db", "src\BlackDesert.Trade.Db\BlackDesert.Trade.Db.csproj", "{B689216F-61BF-48BA-BE16-FBD162BC4431}"
EndProject
Project("{2150E333-8FDC-42A3-9474-1A3956D46DE8}") = "2. Db", "2. Db", "{C4343ED6-2733-444A-A3F2-B92CE122492C}"
EndProject
Project("{2150E333-8FDC-42A3-9474-1A3956D46DE8}") = "3. Business", "3. Business", "{59C00592-E811-45B3-A0BF-38981E932611}"
EndProject
Project("{FAE04EC0-301F-11D3-BF4B-00C04F79EFBC}") = "BlackDesert.Trade.Business", "src\BlackDesert.Trade.Business\BlackDesert.Trade.Business.csproj", "{834C9B95-F6A0-48BB-9BDE-8E6C537DCD84}"
EndProject
Project("{2150E333-8FDC-42A3-9474-1A3956D46DE8}") = "5. Test", "5. Test", "{98E1C496-6877-485C-9003-BB5FFFB03A58}"
EndProject
Project("{FAE04EC0-301F-11D3-BF4B-00C04F79EFBC}") = "BlackDesert.Trade.TestConsoleApp", "src\BlackDesert.Trade.TestConsoleApp\BlackDesert.Trade.TestConsoleApp.csproj", "{DA655637-1E19-42F5-BB15-82D8F88BA256}"
EndProject
Global
	GlobalSection(SolutionConfigurationPlatforms) = preSolution
		Debug|Any CPU = Debug|Any CPU
		Release|Any CPU = Release|Any CPU
	EndGlobalSection
	GlobalSection(ProjectConfigurationPlatforms) = postSolution
		{5AE42A1D-B384-4EE3-A489-7008A4236E4A}.Debug|Any CPU.ActiveCfg = Debug|Any CPU
		{5AE42A1D-B384-4EE3-A489-7008A4236E4A}.Debug|Any CPU.Build.0 = Debug|Any CPU
		{5AE42A1D-B384-4EE3-A489-7008A4236E4A}.Release|Any CPU.ActiveCfg = Release|Any CPU
		{5AE42A1D-B384-4EE3-A489-7008A4236E4A}.Release|Any CPU.Build.0 = Release|Any CPU
		{120321C6-C392-416C-AC09-38CDD84DB942}.Debug|Any CPU.ActiveCfg = Debug|Any CPU
		{120321C6-C392-416C-AC09-38CDD84DB942}.Debug|Any CPU.Build.0 = Debug|Any CPU
		{120321C6-C392-416C-AC09-38CDD84DB942}.Release|Any CPU.ActiveCfg = Release|Any CPU
		{120321C6-C392-416C-AC09-38CDD84DB942}.Release|Any CPU.Build.0 = Release|Any CPU
		{B689216F-61BF-48BA-BE16-FBD162BC4431}.Debug|Any CPU.ActiveCfg = Debug|Any CPU
		{B689216F-61BF-48BA-BE16-FBD162BC4431}.Debug|Any CPU.Build.0 = Debug|Any CPU
		{B689216F-61BF-48BA-BE16-FBD162BC4431}.Release|Any CPU.ActiveCfg = Release|Any CPU
		{B689216F-61BF-48BA-BE16-FBD162BC4431}.Release|Any CPU.Build.0 = Release|Any CPU
		{834C9B95-F6A0-48BB-9BDE-8E6C537DCD84}.Debug|Any CPU.ActiveCfg = Debug|Any CPU
		{834C9B95-F6A0-48BB-9BDE-8E6C537DCD84}.Debug|Any CPU.Build.0 = Debug|Any CPU
		{834C9B95-F6A0-48BB-9BDE-8E6C537DCD84}.Release|Any CPU.ActiveCfg = Release|Any CPU
		{834C9B95-F6A0-48BB-9BDE-8E6C537DCD84}.Release|Any CPU.Build.0 = Release|Any CPU
		{DA655637-1E19-42F5-BB15-82D8F88BA256}.Debug|Any CPU.ActiveCfg = Debug|Any CPU
		{DA655637-1E19-42F5-BB15-82D8F88BA256}.Debug|Any CPU.Build.0 = Debug|Any CPU
		{DA655637-1E19-42F5-BB15-82D8F88BA256}.Release|Any CPU.ActiveCfg = Release|Any CPU
		{DA655637-1E19-42F5-BB15-82D8F88BA256}.Release|Any CPU.Build.0 = Release|Any CPU
	EndGlobalSection
	GlobalSection(NestedProjects) = preSolution
		{AF8B793D-7A5D-4EE3-896C-0B2654D8DAAC} = {6ECC53C7-0B5D-4B63-AFBC-76C7CC65C583}
		{5AE42A1D-B384-4EE3-A489-7008A4236E4A} = {AF8B793D-7A5D-4EE3-896C-0B2654D8DAAC}
		{1CF72F19-27AE-4A4C-8E36-C1C38F0E1183} = {6ECC53C7-0B5D-4B63-AFBC-76C7CC65C583}
		{120321C6-C392-416C-AC09-38CDD84DB942} = {1CF72F19-27AE-4A4C-8E36-C1C38F0E1183}
		{C4343ED6-2733-444A-A3F2-B92CE122492C} = {6ECC53C7-0B5D-4B63-AFBC-76C7CC65C583}
		{B689216F-61BF-48BA-BE16-FBD162BC4431} = {C4343ED6-2733-444A-A3F2-B92CE122492C}
		{59C00592-E811-45B3-A0BF-38981E932611} = {6ECC53C7-0B5D-4B63-AFBC-76C7CC65C583}
		{834C9B95-F6A0-48BB-9BDE-8E6C537DCD84} = {59C00592-E811-45B3-A0BF-38981E932611}
		{98E1C496-6877-485C-9003-BB5FFFB03A58} = {6ECC53C7-0B5D-4B63-AFBC-76C7CC65C583}
		{DA655637-1E19-42F5-BB15-82D8F88BA256} = {98E1C496-6877-485C-9003-BB5FFFB03A58}
	EndGlobalSection
EndGlobal
